// !$*UTF8*$!
{
	archiveVersion = 1;
	classes = {
	};
	objectVersion = 56;
	objects = {

/* Begin PBXBuildFile section */
		B1000001 /* SleepTrackerIOSApp.swift in Sources */ = {isa = PBXBuildFile; fileRef = B1000011 /* SleepTrackerIOSApp.swift */; };
		B1000002 /* ContentView.swift in Sources */ = {isa = PBXBuildFile; fileRef = B1000012 /* ContentView.swift */; };
		B1000003 /* ImportViewModel.swift in Sources */ = {isa = PBXBuildFile; fileRef = B1000013 /* ImportViewModel.swift */; };
		B1000004 /* Sources/GarminImportCore/GarminSleepParser.swift in Sources */ = {isa = PBXBuildFile; fileRef = B1000016 /* Sources/GarminImportCore/GarminSleepParser.swift */; };
		B1000005 /* AppModel.swift in Sources */ = {isa = PBXBuildFile; fileRef = B1000014 /* AppModel.swift */; };
		B1000006 /* SupabaseRepository.swift in Sources */ = {isa = PBXBuildFile; fileRef = B1000017 /* SupabaseRepository.swift */; };
		B1000007 /* Sources/GarminImportCore/SleepTrackerAppCore.swift in Sources */ = {isa = PBXBuildFile; fileRef = B1000018 /* Sources/GarminImportCore/SleepTrackerAppCore.swift */; };
		B1000008 /* Assets.xcassets in Resources */ = {isa = PBXBuildFile; fileRef = B1000019 /* Assets.xcassets */; };
		B1000009 /* AlarmFeatureModel.swift in Sources */ = {isa = PBXBuildFile; fileRef = B1000024 /* AlarmFeatureModel.swift */; };
		B100000A /* AlarmView.swift in Sources */ = {isa = PBXBuildFile; fileRef = B1000025 /* AlarmView.swift */; };
		B100000B /* Sources/GarminImportCore/AlarmFeatureCore.swift in Sources */ = {isa = PBXBuildFile; fileRef = B1000026 /* Sources/GarminImportCore/AlarmFeatureCore.swift */; };
/* End PBXBuildFile section */

/* Begin PBXFileReference section */
		B1000010 /* SleepTrackerIOS.app */ = {isa = PBXFileReference; explicitFileType = wrapper.application; includeInIndex = 0; path = SleepTrackerIOS.app; sourceTree = BUILT_PRODUCTS_DIR; };
		B1000011 /* SleepTrackerIOSApp.swift */ = {isa = PBXFileReference; lastKnownFileType = sourcecode.swift; path = SleepTrackerIOSApp.swift; sourceTree = "<group>"; };
		B1000012 /* ContentView.swift */ = {isa = PBXFileReference; lastKnownFileType = sourcecode.swift; path = ContentView.swift; sourceTree = "<group>"; };
		B1000013 /* ImportViewModel.swift */ = {isa = PBXFileReference; lastKnownFileType = sourcecode.swift; path = ImportViewModel.swift; sourceTree = "<group>"; };
		B1000014 /* AppModel.swift */ = {isa = PBXFileReference; lastKnownFileType = sourcecode.swift; path = AppModel.swift; sourceTree = "<group>"; };
		B1000015 /* Info.plist */ = {isa = PBXFileReference; lastKnownFileType = text.plist.xml; path = Info.plist; sourceTree = "<group>"; };
		B1000016 /* Sources/GarminImportCore/GarminSleepParser.swift */ = {isa = PBXFileReference; lastKnownFileType = sourcecode.swift; path = Sources/GarminImportCore/GarminSleepParser.swift; sourceTree = SOURCE_ROOT; };
		B1000017 /* SupabaseRepository.swift */ = {isa = PBXFileReference; lastKnownFileType = sourcecode.swift; path = SupabaseRepository.swift; sourceTree = "<group>"; };
		B1000018 /* Sources/GarminImportCore/SleepTrackerAppCore.swift */ = {isa = PBXFileReference; lastKnownFileType = sourcecode.swift; path = Sources/GarminImportCore/SleepTrackerAppCore.swift; sourceTree = SOURCE_ROOT; };
		B1000019 /* Assets.xcassets */ = {isa = PBXFileReference; lastKnownFileType = folder.assetcatalog; path = Assets.xcassets; sourceTree = "<group>"; };
		B1000024 /* AlarmFeatureModel.swift */ = {isa = PBXFileReference; lastKnownFileType = sourcecode.swift; path = AlarmFeatureModel.swift; sourceTree = "<group>"; };
		B1000025 /* AlarmView.swift */ = {isa = PBXFileReference; lastKnownFileType = sourcecode.swift; path = AlarmView.swift; sourceTree = "<group>"; };
		B1000026 /* Sources/GarminImportCore/AlarmFeatureCore.swift */ = {isa = PBXFileReference; lastKnownFileType = sourcecode.swift; path = Sources/GarminImportCore/AlarmFeatureCore.swift; sourceTree = SOURCE_ROOT; };
/* End PBXFileReference section */

/* Begin PBXFrameworksBuildPhase section */
		B100000D1 /* Frameworks */ = {
			isa = PBXFrameworksBuildPhase;
			buildActionMask = 2147483647;
			files = (
			);
			runOnlyForDeploymentPostprocessing = 0;
		};
/* End PBXFrameworksBuildPhase section */

/* Begin PBXGroup section */
		B1000020 = {
			isa = PBXGroup;
			children = (
				B1000021 /* SleepTrackerIOS */,
				B1000022 /* Core */,
				B1000023 /* Products */,
			);
			sourceTree = "<group>";
		};
		B1000021 /* SleepTrackerIOS */ = {
			isa = PBXGroup;
			children = (
				B1000011 /* SleepTrackerIOSApp.swift */,
				B1000014 /* AppModel.swift */,
				B1000024 /* AlarmFeatureModel.swift */,
				B1000012 /* ContentView.swift */,
				B1000025 /* AlarmView.swift */,
				B1000013 /* ImportViewModel.swift */,
				B1000017 /* SupabaseRepository.swift */,
				B1000019 /* Assets.xcassets */,
				B1000015 /* Info.plist */,
			);
			path = SleepTrackerIOS;
			sourceTree = "<group>";
		};
		B1000022 /* Core */ = {
			isa = PBXGroup;
			children = (
				B1000026 /* Sources/GarminImportCore/AlarmFeatureCore.swift */,
				B1000016 /* Sources/GarminImportCore/GarminSleepParser.swift */,
				B1000018 /* Sources/GarminImportCore/SleepTrackerAppCore.swift */,
			);
			path = Core;
			sourceTree = "<group>";
		};
		B1000023 /* Products */ = {
			isa = PBXGroup;
			children = (
				B1000010 /* SleepTrackerIOS.app */,
			);
			name = Products;
			sourceTree = "<group>";
		};
/* End PBXGroup section */

/* Begin PBXNativeTarget section */
		B10000F1 /* SleepTrackerIOS */ = {
			isa = PBXNativeTarget;
			buildConfigurationList = B1000030 /* Build configuration list for PBXNativeTarget "SleepTrackerIOS" */;
			buildPhases = (
				B100000C1 /* Sources */,
				B100000D1 /* Frameworks */,
				B100000E1 /* Resources */,
			);
			buildRules = (
			);
			dependencies = (
			);
			name = SleepTrackerIOS;
			productName = SleepTrackerIOS;
			productReference = B1000010 /* SleepTrackerIOS.app */;
			productType = "com.apple.product-type.application";
		};
/* End PBXNativeTarget section */

/* Begin PBXProject section */
		B1000001P /* Project object */ = {
			isa = PBXProject;
			attributes = {
				BuildIndependentTargetsInParallel = 1;
				LastSwiftUpdateCheck = 2620;
				LastUpgradeCheck = 2620;
				TargetAttributes = {
					B10000F1 = {
						CreatedOnToolsVersion = 26.2;
					};
				};
			};
			buildConfigurationList = B1000004P /* Build configuration list for PBXProject "SleepTrackerIOS" */;
			compatibilityVersion = "Xcode 14.0";
			developmentRegion = en;
			hasScannedForEncodings = 0;
			knownRegions = (
				en,
				Base,
			);
			mainGroup = B1000020;
			productRefGroup = B1000023 /* Products */;
			projectDirPath = "";
			projectRoot = "";
			targets = (
				B10000F1 /* SleepTrackerIOS */,
			);
		};
/* End PBXProject section */

/* Begin PBXResourcesBuildPhase section */
		B100000E1 /* Resources */ = {
			isa = PBXResourcesBuildPhase;
			buildActionMask = 2147483647;
			files = (
				B1000008 /* Assets.xcassets in Resources */,
			);
			runOnlyForDeploymentPostprocessing = 0;
		};
/* End PBXResourcesBuildPhase section */

/* Begin PBXSourcesBuildPhase section */
		B100000C1 /* Sources */ = {
			isa = PBXSourcesBuildPhase;
			buildActionMask = 2147483647;
			files = (
				B1000005 /* AppModel.swift in Sources */,
				B1000009 /* AlarmFeatureModel.swift in Sources */,
				B100000A /* AlarmView.swift in Sources */,
				B1000001 /* SleepTrackerIOSApp.swift in Sources */,
				B1000002 /* ContentView.swift in Sources */,
				B1000003 /* ImportViewModel.swift in Sources */,
				B1000006 /* SupabaseRepository.swift in Sources */,
				B100000B /* Sources/GarminImportCore/AlarmFeatureCore.swift in Sources */,
				B1000004 /* Sources/GarminImportCore/GarminSleepParser.swift in Sources */,
				B1000007 /* Sources/GarminImportCore/SleepTrackerAppCore.swift in Sources */,
			);
			runOnlyForDeploymentPostprocessing = 0;
		};
/* End PBXSourcesBuildPhase section */

/* Begin XCBuildConfiguration section */
		B1000031 /* Debug */ = {
			isa = XCBuildConfiguration;
			buildSettings = {
				ALWAYS_SEARCH_USER_PATHS = NO;
				CLANG_ANALYZER_NONNULL = YES;
				CLANG_ANALYZER_NUMBER_OBJECT_CONVERSION = YES_AGGRESSIVE;
				CLANG_CXX_LANGUAGE_STANDARD = "gnu++20";
				CLANG_ENABLE_MODULES = YES;
				CLANG_ENABLE_OBJC_ARC = YES;
				CLANG_ENABLE_OBJC_WEAK = YES;
				CLANG_WARN_BLOCK_CAPTURE_AUTORELEASING = YES;
				CLANG_WARN_BOOL_CONVERSION = YES;
				CLANG_WARN_COMMA = YES;
				CLANG_WARN_CONSTANT_CONVERSION = YES;
				CLANG_WARN_DEPRECATED_OBJC_IMPLEMENTATIONS = YES;
				CLANG_WARN_DIRECT_OBJC_ISA_USAGE = YES_ERROR;
				CLANG_WARN_DOCUMENTATION_COMMENTS = YES;
				CLANG_WARN_EMPTY_BODY = YES;
				CLANG_WARN_ENUM_CONVERSION = YES;
				CLANG_WARN_INFINITE_RECURSION = YES;
				CLANG_WARN_INT_CONVERSION = YES;
				CLANG_WARN_NON_LITERAL_NULL_CONVERSION = YES;
				CLANG_WARN_OBJC_IMPLICIT_RETAIN_SELF = YES;
				CLANG_WARN_OBJC_LITERAL_CONVERSION = YES;
				CLANG_WARN_OBJC_ROOT_CLASS = YES_ERROR;
				CLANG_WARN_QUOTED_INCLUDE_IN_FRAMEWORK_HEADER = YES;
				CLANG_WARN_RANGE_LOOP_ANALYSIS = YES;
				CLANG_WARN_STRICT_PROTOTYPES = YES;
				CLANG_WARN_SUSPICIOUS_MOVE = YES;
				CLANG_WARN_UNGUARDED_AVAILABILITY = YES_AGGRESSIVE;
				CLANG_WARN_UNREACHABLE_CODE = YES;
				CLANG_WARN__DUPLICATE_METHOD_MATCH = YES;
				COPY_PHASE_STRIP = NO;
				DEBUG_INFORMATION_FORMAT = dwarf;
				ENABLE_STRICT_OBJC_MSGSEND = YES;
				ENABLE_TESTABILITY = YES;
				ENABLE_USER_SCRIPT_SANDBOXING = YES;
				GCC_C_LANGUAGE_STANDARD = gnu17;
				GCC_DYNAMIC_NO_PIC = NO;
				GCC_NO_COMMON_BLOCKS = YES;
				GCC_OPTIMIZATION_LEVEL = 0;
				GCC_PREPROCESSOR_DEFINITIONS = (
					"DEBUG=1",
					"$(inherited)",
				);
				GCC_WARN_64_TO_32_BIT_CONVERSION = YES;
				GCC_WARN_ABOUT_RETURN_TYPE = YES_ERROR;
				GCC_WARN_UNDECLARED_SELECTOR = YES;
				GCC_WARN_UNINITIALIZED_AUTOS = YES_AGGRESSIVE;
				GCC_WARN_UNUSED_FUNCTION = YES;
				GCC_WARN_UNUSED_VARIABLE = YES;
				IPHONEOS_DEPLOYMENT_TARGET = 17.0;
				LOCALIZATION_PREFERS_STRING_CATALOGS = YES;
				MTL_ENABLE_DEBUG_INFO = INCLUDE_SOURCE;
				MTL_FAST_MATH = YES;
				ONLY_ACTIVE_ARCH = YES;
				SDKROOT = iphoneos;
				SWIFT_ACTIVE_COMPILATION_CONDITIONS = "DEBUG $(inherited)";
				SWIFT_OPTIMIZATION_LEVEL = "-Onone";
			};
			name = Debug;
		};
		B1000032 /* Release */ = {
			isa = XCBuildConfiguration;
			buildSettings = {
				ALWAYS_SEARCH_USER_PATHS = NO;
				CLANG_ANALYZER_NONNULL = YES;
				CLANG_ANALYZER_NUMBER_OBJECT_CONVERSION = YES_AGGRESSIVE;
				CLANG_CXX_LANGUAGE_STANDARD = "gnu++20";
				CLANG_ENABLE_MODULES = YES;
				CLANG_ENABLE_OBJC_ARC = YES;
				CLANG_ENABLE_OBJC_WEAK = YES;
				CLANG_WARN_BLOCK_CAPTURE_AUTORELEASING = YES;
				CLANG_WARN_BOOL_CONVERSION = YES;
				CLANG_WARN_COMMA = YES;
				CLANG_WARN_CONSTANT_CONVERSION = YES;
				CLANG_WARN_DEPRECATED_OBJC_IMPLEMENTATIONS = YES;
				CLANG_WARN_DIRECT_OBJC_ISA_USAGE = YES_ERROR;
				CLANG_WARN_DOCUMENTATION_COMMENTS = YES;
				CLANG_WARN_EMPTY_BODY = YES;
				CLANG_WARN_ENUM_CONVERSION = YES;
				CLANG_WARN_INFINITE_RECURSION = YES;
				CLANG_WARN_INT_CONVERSION = YES;
				CLANG_WARN_NON_LITERAL_NULL_CONVERSION = YES;
				CLANG_WARN_OBJC_IMPLICIT_RETAIN_SELF = YES;
				CLANG_WARN_OBJC_LITERAL_CONVERSION = YES;
				CLANG_WARN_OBJC_ROOT_CLASS = YES_ERROR;
				CLANG_WARN_QUOTED_INCLUDE_IN_FRAMEWORK_HEADER = YES;
				CLANG_WARN_RANGE_LOOP_ANALYSIS = YES;
				CLANG_WARN_STRICT_PROTOTYPES = YES;
				CLANG_WARN_SUSPICIOUS_MOVE = YES;
				CLANG_WARN_UNGUARDED_AVAILABILITY = YES_AGGRESSIVE;
				CLANG_WARN_UNREACHABLE_CODE = YES;
				CLANG_WARN__DUPLICATE_METHOD_MATCH = YES;
				COPY_PHASE_STRIP = NO;
				DEBUG_INFORMATION_FORMAT = "dwarf-with-dsym";
				ENABLE_NS_ASSERTIONS = NO;
				ENABLE_STRICT_OBJC_MSGSEND = YES;
				ENABLE_USER_SCRIPT_SANDBOXING = YES;
				GCC_C_LANGUAGE_STANDARD = gnu17;
				GCC_NO_COMMON_BLOCKS = YES;
				GCC_WARN_64_TO_32_BIT_CONVERSION = YES;
				GCC_WARN_ABOUT_RETURN_TYPE = YES_ERROR;
				GCC_WARN_UNDECLARED_SELECTOR = YES;
				GCC_WARN_UNINITIALIZED_AUTOS = YES_AGGRESSIVE;
				GCC_WARN_UNUSED_FUNCTION = YES;
				GCC_WARN_UNUSED_VARIABLE = YES;
				IPHONEOS_DEPLOYMENT_TARGET = 17.0;
				LOCALIZATION_PREFERS_STRING_CATALOGS = YES;
				MTL_ENABLE_DEBUG_INFO = NO;
				MTL_FAST_MATH = YES;
				SDKROOT = iphoneos;
				SWIFT_COMPILATION_MODE = wholemodule;
				VALIDATE_PRODUCT = YES;
			};
			name = Release;
		};
		B1000033 /* Debug */ = {
			isa = XCBuildConfiguration;
			buildSettings = {
				ASSETCATALOG_COMPILER_APPICON_NAME = AppIcon;
				ASSETCATALOG_COMPILER_GLOBAL_ACCENT_COLOR_NAME = AccentColor;
				CODE_SIGN_STYLE = Automatic;
				CURRENT_PROJECT_VERSION = 1;
				DEVELOPMENT_TEAM = UN2ZQSZ696;
				GENERATE_INFOPLIST_FILE = YES;
				INFOPLIST_FILE = SleepTrackerIOS/Info.plist;
				INFOPLIST_KEY_NSPhotoLibraryUsageDescription = "Sleep Tracker imports Garmin screenshots that you select.";
				INFOPLIST_KEY_UIApplicationSceneManifest_Generation = YES;
				INFOPLIST_KEY_UIApplicationSupportsIndirectInputEvents = YES;
				INFOPLIST_KEY_UILaunchScreen_Generation = YES;
				INFOPLIST_KEY_UISupportedInterfaceOrientations_iPad = UIInterfaceOrientationPortrait;
				INFOPLIST_KEY_UISupportedInterfaceOrientations_iPhone = UIInterfaceOrientationPortrait;
				LD_RUNPATH_SEARCH_PATHS = (
					"$(inherited)",
					"@executable_path/Frameworks",
				);
				MARKETING_VERSION = 1.0;
				PRODUCT_BUNDLE_IDENTIFIER = com.ines.sleeptracker.ios;
				PRODUCT_NAME = "$(TARGET_NAME)";
				SWIFT_EMIT_LOC_STRINGS = YES;
				SWIFT_VERSION = 5.0;
				TARGETED_DEVICE_FAMILY = 1;
			};
			name = Debug;
		};
		B1000034 /* Release */ = {
			isa = XCBuildConfiguration;
			buildSettings = {
				ASSETCATALOG_COMPILER_APPICON_NAME = AppIcon;
				ASSETCATALOG_COMPILER_GLOBAL_ACCENT_COLOR_NAME = AccentColor;
				CODE_SIGN_STYLE = Automatic;
				CURRENT_PROJECT_VERSION = 1;
				DEVELOPMENT_TEAM = UN2ZQSZ696;
				GENERATE_INFOPLIST_FILE = YES;
				INFOPLIST_FILE = SleepTrackerIOS/Info.plist;
				INFOPLIST_KEY_NSPhotoLibraryUsageDescription = "Sleep Tracker imports Garmin screenshots that you select.";
				INFOPLIST_KEY_UIApplicationSceneManifest_Generation = YES;
				INFOPLIST_KEY_UIApplicationSupportsIndirectInputEvents = YES;
				INFOPLIST_KEY_UILaunchScreen_Generation = YES;
				INFOPLIST_KEY_UISupportedInterfaceOrientations_iPad = UIInterfaceOrientationPortrait;
				INFOPLIST_KEY_UISupportedInterfaceOrientations_iPhone = UIInterfaceOrientationPortrait;
				LD_RUNPATH_SEARCH_PATHS = (
					"$(inherited)",
					"@executable_path/Frameworks",
				);
				MARKETING_VERSION = 1.0;
				PRODUCT_BUNDLE_IDENTIFIER = com.ines.sleeptracker.ios;
				PRODUCT_NAME = "$(TARGET_NAME)";
				SWIFT_EMIT_LOC_STRINGS = YES;
				SWIFT_VERSION = 5.0;
				TARGETED_DEVICE_FAMILY = 1;
			};
			name = Release;
		};
/* End XCBuildConfiguration section */

/* Begin XCConfigurationList section */
		B1000004P /* Build configuration list for PBXProject "SleepTrackerIOS" */ = {
			isa = XCConfigurationList;
			buildConfigurations = (
				B1000031 /* Debug */,
				B1000032 /* Release */,
			);
			defaultConfigurationIsVisible = 0;
			defaultConfigurationName = Release;
		};
		B1000030 /* Build configuration list for PBXNativeTarget "SleepTrackerIOS" */ = {
			isa = XCConfigurationList;
			buildConfigurations = (
				B1000033 /* Debug */,
				B1000034 /* Release */,
			);
			defaultConfigurationIsVisible = 0;
			defaultConfigurationName = Release;
		};
/* End XCConfigurationList section */
	};
	rootObject = B1000001P /* Project object */;
}
